// !$*UTF8*$!
{
	archiveVersion = 1;
	classes = {
	};
	objectVersion = 46;
	objects = {

/* Begin PBXBuildFile section */
		DF6614051D14596300BCD6AF /* ImageConvertible.swift in Sources */ = {isa = PBXBuildFile; fileRef = DF6614041D14596300BCD6AF /* ImageConvertible.swift */; };
		DF6614071D14598F00BCD6AF /* ImageNameConvertible.swift in Sources */ = {isa = PBXBuildFile; fileRef = DF6614061D14598F00BCD6AF /* ImageNameConvertible.swift */; };
		DF66140A1D1459F300BCD6AF /* UIImage.swift in Sources */ = {isa = PBXBuildFile; fileRef = DF6614091D1459F300BCD6AF /* UIImage.swift */; };
		DF66140C1D145A0900BCD6AF /* HexColorConvertible.swift in Sources */ = {isa = PBXBuildFile; fileRef = DF66140B1D145A0900BCD6AF /* HexColorConvertible.swift */; };
		DF66140E1D145A1F00BCD6AF /* ColorConvertible.swift in Sources */ = {isa = PBXBuildFile; fileRef = DF66140D1D145A1F00BCD6AF /* ColorConvertible.swift */; };
		DF6614101D145A3700BCD6AF /* UIColor.swift in Sources */ = {isa = PBXBuildFile; fileRef = DF66140F1D145A3700BCD6AF /* UIColor.swift */; };
		DF6614121D14617800BCD6AF /* UIImageView.swift in Sources */ = {isa = PBXBuildFile; fileRef = DF6614111D14617800BCD6AF /* UIImageView.swift */; };
		DF6614151D1461CD00BCD6AF /* P3AlertOperation.swift in Sources */ = {isa = PBXBuildFile; fileRef = DF6614141D1461CD00BCD6AF /* P3AlertOperation.swift */; };
		DF6614181D1461FC00BCD6AF /* P3Foundation.framework in Frameworks */ = {isa = PBXBuildFile; fileRef = DF6614171D1461FC00BCD6AF /* P3Foundation.framework */; };
		DF66141B1D1464D300BCD6AF /* P3NetworkActivityObserver.swift in Sources */ = {isa = PBXBuildFile; fileRef = DF66141A1D1464D300BCD6AF /* P3NetworkActivityObserver.swift */; };
		DFA7A0B91D14556300A6EED9 /* P3UIKit.h in Headers */ = {isa = PBXBuildFile; fileRef = DFA7A0B71D14556300A6EED9 /* P3UIKit.h */; settings = {ATTRIBUTES = (Public, ); }; };
		DFF2A3581D5B935D003493C6 /* P3UIKitTV.h in Headers */ = {isa = PBXBuildFile; fileRef = DFF2A3561D5B935D003493C6 /* P3UIKitTV.h */; settings = {ATTRIBUTES = (Public, ); }; };
		DFF93FA31D347965004E83B8 /* UICollectionView.swift in Sources */ = {isa = PBXBuildFile; fileRef = DFF93FA21D347965004E83B8 /* UICollectionView.swift */; };
		DFF93FA51D347AB7004E83B8 /* UITableView.swift in Sources */ = {isa = PBXBuildFile; fileRef = DFF93FA41D347AB7004E83B8 /* UITableView.swift */; };
/* End PBXBuildFile section */

/* Begin PBXFileReference section */
		DF3002801D14520E00E5233E /* P3UIKit.framework */ = {isa = PBXFileReference; explicitFileType = wrapper.framework; includeInIndex = 0; path = P3UIKit.framework; sourceTree = BUILT_PRODUCTS_DIR; };
		DF6614041D14596300BCD6AF /* ImageConvertible.swift */ = {isa = PBXFileReference; fileEncoding = 4; lastKnownFileType = sourcecode.swift; lineEnding = 0; path = ImageConvertible.swift; sourceTree = "<group>"; xcLanguageSpecificationIdentifier = xcode.lang.swift; };
		DF6614061D14598F00BCD6AF /* ImageNameConvertible.swift */ = {isa = PBXFileReference; fileEncoding = 4; lastKnownFileType = sourcecode.swift; path = ImageNameConvertible.swift; sourceTree = "<group>"; };
		DF6614091D1459F300BCD6AF /* UIImage.swift */ = {isa = PBXFileReference; fileEncoding = 4; lastKnownFileType = sourcecode.swift; lineEnding = 0; path = UIImage.swift; sourceTree = "<group>"; xcLanguageSpecificationIdentifier = xcode.lang.swift; };
		DF66140B1D145A0900BCD6AF /* HexColorConvertible.swift */ = {isa = PBXFileReference; fileEncoding = 4; lastKnownFileType = sourcecode.swift; path = HexColorConvertible.swift; sourceTree = "<group>"; };
		DF66140D1D145A1F00BCD6AF /* ColorConvertible.swift */ = {isa = PBXFileReference; fileEncoding = 4; lastKnownFileType = sourcecode.swift; lineEnding = 0; path = ColorConvertible.swift; sourceTree = "<group>"; xcLanguageSpecificationIdentifier = xcode.lang.swift; };
		DF66140F1D145A3700BCD6AF /* UIColor.swift */ = {isa = PBXFileReference; fileEncoding = 4; lastKnownFileType = sourcecode.swift; lineEnding = 0; path = UIColor.swift; sourceTree = "<group>"; xcLanguageSpecificationIdentifier = xcode.lang.swift; };
		DF6614111D14617800BCD6AF /* UIImageView.swift */ = {isa = PBXFileReference; fileEncoding = 4; lastKnownFileType = sourcecode.swift; lineEnding = 0; path = UIImageView.swift; sourceTree = "<group>"; xcLanguageSpecificationIdentifier = xcode.lang.swift; };
		DF6614141D1461CD00BCD6AF /* P3AlertOperation.swift */ = {isa = PBXFileReference; fileEncoding = 4; lastKnownFileType = sourcecode.swift; path = P3AlertOperation.swift; sourceTree = "<group>"; };
		DF6614171D1461FC00BCD6AF /* P3Foundation.framework */ = {isa = PBXFileReference; lastKnownFileType = wrapper.framework; name = P3Foundation.framework; path = Carthage/Build/iOS/P3Foundation.framework; sourceTree = "<group>"; };
		DF66141A1D1464D300BCD6AF /* P3NetworkActivityObserver.swift */ = {isa = PBXFileReference; fileEncoding = 4; lastKnownFileType = sourcecode.swift; path = P3NetworkActivityObserver.swift; sourceTree = "<group>"; };
		DFA7A0B61D14556300A6EED9 /* Info.plist */ = {isa = PBXFileReference; fileEncoding = 4; lastKnownFileType = text.plist.xml; path = Info.plist; sourceTree = "<group>"; };
		DFA7A0B71D14556300A6EED9 /* P3UIKit.h */ = {isa = PBXFileReference; fileEncoding = 4; lastKnownFileType = sourcecode.c.h; path = P3UIKit.h; sourceTree = "<group>"; };
		DFF2A3541D5B935D003493C6 /* P3UIKitTV.framework */ = {isa = PBXFileReference; explicitFileType = wrapper.framework; includeInIndex = 0; path = P3UIKitTV.framework; sourceTree = BUILT_PRODUCTS_DIR; };
		DFF2A3561D5B935D003493C6 /* P3UIKitTV.h */ = {isa = PBXFileReference; lastKnownFileType = sourcecode.c.h; path = P3UIKitTV.h; sourceTree = "<group>"; };
		DFF2A3571D5B935D003493C6 /* Info.plist */ = {isa = PBXFileReference; lastKnownFileType = text.plist.xml; path = Info.plist; sourceTree = "<group>"; };
		DFF93FA21D347965004E83B8 /* UICollectionView.swift */ = {isa = PBXFileReference; fileEncoding = 4; lastKnownFileType = sourcecode.swift; path = UICollectionView.swift; sourceTree = "<group>"; };
		DFF93FA41D347AB7004E83B8 /* UITableView.swift */ = {isa = PBXFileReference; fileEncoding = 4; lastKnownFileType = sourcecode.swift; path = UITableView.swift; sourceTree = "<group>"; };
/* End PBXFileReference section */

/* Begin PBXFrameworksBuildPhase section */
		DF30027C1D14520E00E5233E /* Frameworks */ = {
			isa = PBXFrameworksBuildPhase;
			buildActionMask = 2147483647;
			files = (
				DF6614181D1461FC00BCD6AF /* P3Foundation.framework in Frameworks */,
			);
			runOnlyForDeploymentPostprocessing = 0;
		};
		DFF2A3501D5B935D003493C6 /* Frameworks */ = {
			isa = PBXFrameworksBuildPhase;
			buildActionMask = 2147483647;
			files = (
			);
			runOnlyForDeploymentPostprocessing = 0;
		};
/* End PBXFrameworksBuildPhase section */

/* Begin PBXGroup section */
		DF3002761D14520E00E5233E = {
			isa = PBXGroup;
			children = (
				DF3002821D14520E00E5233E /* Sources */,
				DFF2A3551D5B935D003493C6 /* P3UIKitTV */,
				DF3002811D14520E00E5233E /* Products */,
				DF6614161D1461FC00BCD6AF /* Frameworks */,
			);
			sourceTree = "<group>";
		};
		DF3002811D14520E00E5233E /* Products */ = {
			isa = PBXGroup;
			children = (
				DF3002801D14520E00E5233E /* P3UIKit.framework */,
				DFF2A3541D5B935D003493C6 /* P3UIKitTV.framework */,
			);
			name = Products;
			sourceTree = "<group>";
		};
		DF3002821D14520E00E5233E /* Sources */ = {
			isa = PBXGroup;
			children = (
				DF6614131D1461B400BCD6AF /* Operations */,
				DF6614081D1459E500BCD6AF /* Extensions */,
				DF6614031D14594B00BCD6AF /* Protocols */,
				DFA7A0B61D14556300A6EED9 /* Info.plist */,
				DFA7A0B71D14556300A6EED9 /* P3UIKit.h */,
			);
			path = Sources;
			sourceTree = "<group>";
		};
		DF6614031D14594B00BCD6AF /* Protocols */ = {
			isa = PBXGroup;
			children = (
				DF6614041D14596300BCD6AF /* ImageConvertible.swift */,
				DF66140B1D145A0900BCD6AF /* HexColorConvertible.swift */,
				DF66140D1D145A1F00BCD6AF /* ColorConvertible.swift */,
				DF6614061D14598F00BCD6AF /* ImageNameConvertible.swift */,
			);
			path = Protocols;
			sourceTree = "<group>";
		};
		DF6614081D1459E500BCD6AF /* Extensions */ = {
			isa = PBXGroup;
			children = (
				DF6614091D1459F300BCD6AF /* UIImage.swift */,
				DF66140F1D145A3700BCD6AF /* UIColor.swift */,
				DF6614111D14617800BCD6AF /* UIImageView.swift */,
				DFF93FA21D347965004E83B8 /* UICollectionView.swift */,
				DFF93FA41D347AB7004E83B8 /* UITableView.swift */,
			);
			path = Extensions;
			sourceTree = "<group>";
		};
		DF6614131D1461B400BCD6AF /* Operations */ = {
			isa = PBXGroup;
			children = (
				DF6614191D1464BA00BCD6AF /* Observers */,
				DF6614141D1461CD00BCD6AF /* P3AlertOperation.swift */,
			);
			path = Operations;
			sourceTree = "<group>";
		};
		DF6614161D1461FC00BCD6AF /* Frameworks */ = {
			isa = PBXGroup;
			children = (
				DF6614171D1461FC00BCD6AF /* P3Foundation.framework */,
			);
			name = Frameworks;
			sourceTree = "<group>";
		};
		DF6614191D1464BA00BCD6AF /* Observers */ = {
			isa = PBXGroup;
			children = (
				DF66141A1D1464D300BCD6AF /* P3NetworkActivityObserver.swift */,
			);
			path = Observers;
			sourceTree = "<group>";
		};
		DFF2A3551D5B935D003493C6 /* P3UIKitTV */ = {
			isa = PBXGroup;
			children = (
				DFF2A3561D5B935D003493C6 /* P3UIKitTV.h */,
				DFF2A3571D5B935D003493C6 /* Info.plist */,
			);
			path = P3UIKitTV;
			sourceTree = "<group>";
		};
/* End PBXGroup section */

/* Begin PBXHeadersBuildPhase section */
		DF30027D1D14520E00E5233E /* Headers */ = {
			isa = PBXHeadersBuildPhase;
			buildActionMask = 2147483647;
			files = (
				DFA7A0B91D14556300A6EED9 /* P3UIKit.h in Headers */,
			);
			runOnlyForDeploymentPostprocessing = 0;
		};
		DFF2A3511D5B935D003493C6 /* Headers */ = {
			isa = PBXHeadersBuildPhase;
			buildActionMask = 2147483647;
			files = (
				DFF2A3581D5B935D003493C6 /* P3UIKitTV.h in Headers */,
			);
			runOnlyForDeploymentPostprocessing = 0;
		};
/* End PBXHeadersBuildPhase section */

/* Begin PBXNativeTarget section */
		DF30027F1D14520E00E5233E /* P3UIKit */ = {
			isa = PBXNativeTarget;
			buildConfigurationList = DF3002881D14520E00E5233E /* Build configuration list for PBXNativeTarget "P3UIKit" */;
			buildPhases = (
				DF30027B1D14520E00E5233E /* Sources */,
				DF30027C1D14520E00E5233E /* Frameworks */,
				DF30027D1D14520E00E5233E /* Headers */,
				DF30027E1D14520E00E5233E /* Resources */,
			);
			buildRules = (
			);
			dependencies = (
			);
			name = P3UIKit;
			productName = P3UIKit;
			productReference = DF3002801D14520E00E5233E /* P3UIKit.framework */;
			productType = "com.apple.product-type.framework";
		};
		DFF2A3531D5B935D003493C6 /* P3UIKitTV */ = {
			isa = PBXNativeTarget;
			buildConfigurationList = DFF2A35B1D5B935D003493C6 /* Build configuration list for PBXNativeTarget "P3UIKitTV" */;
			buildPhases = (
				DFF2A34F1D5B935D003493C6 /* Sources */,
				DFF2A3501D5B935D003493C6 /* Frameworks */,
				DFF2A3511D5B935D003493C6 /* Headers */,
				DFF2A3521D5B935D003493C6 /* Resources */,
			);
			buildRules = (
			);
			dependencies = (
			);
			name = P3UIKitTV;
			productName = P3UIKitTV;
			productReference = DFF2A3541D5B935D003493C6 /* P3UIKitTV.framework */;
			productType = "com.apple.product-type.framework";
		};
/* End PBXNativeTarget section */

/* Begin PBXProject section */
		DF3002771D14520E00E5233E /* Project object */ = {
			isa = PBXProject;
			attributes = {
				LastUpgradeCheck = 0800;
				ORGANIZATIONNAME = Pacific3;
				TargetAttributes = {
					DF30027F1D14520E00E5233E = {
						CreatedOnToolsVersion = 8.0;
						DevelopmentTeam = 3BVQ3MVDQR;
						DevelopmentTeamName = "OSCAR  CISNEROS LARIOS";
						LastSwiftMigration = 0800;
						ProvisioningStyle = Automatic;
					};
					DFF2A3531D5B935D003493C6 = {
						CreatedOnToolsVersion = 8.0;
						DevelopmentTeam = 3BVQ3MVDQR;
						ProvisioningStyle = Automatic;
					};
				};
			};
			buildConfigurationList = DF30027A1D14520E00E5233E /* Build configuration list for PBXProject "P3UIKit" */;
			compatibilityVersion = "Xcode 3.2";
			developmentRegion = English;
			hasScannedForEncodings = 0;
			knownRegions = (
				en,
			);
			mainGroup = DF3002761D14520E00E5233E;
			productRefGroup = DF3002811D14520E00E5233E /* Products */;
			projectDirPath = "";
			projectRoot = "";
			targets = (
				DF30027F1D14520E00E5233E /* P3UIKit */,
				DFF2A3531D5B935D003493C6 /* P3UIKitTV */,
			);
		};
/* End PBXProject section */

/* Begin PBXResourcesBuildPhase section */
		DF30027E1D14520E00E5233E /* Resources */ = {
			isa = PBXResourcesBuildPhase;
			buildActionMask = 2147483647;
			files = (
			);
			runOnlyForDeploymentPostprocessing = 0;
		};
		DFF2A3521D5B935D003493C6 /* Resources */ = {
			isa = PBXResourcesBuildPhase;
			buildActionMask = 2147483647;
			files = (
			);
			runOnlyForDeploymentPostprocessing = 0;
		};
/* End PBXResourcesBuildPhase section */

/* Begin PBXSourcesBuildPhase section */
		DF30027B1D14520E00E5233E /* Sources */ = {
			isa = PBXSourcesBuildPhase;
			buildActionMask = 2147483647;
			files = (
				DFF93FA31D347965004E83B8 /* UICollectionView.swift in Sources */,
				DF66140A1D1459F300BCD6AF /* UIImage.swift in Sources */,
				DF6614101D145A3700BCD6AF /* UIColor.swift in Sources */,
				DF6614121D14617800BCD6AF /* UIImageView.swift in Sources */,
				DF66140C1D145A0900BCD6AF /* HexColorConvertible.swift in Sources */,
				DF66141B1D1464D300BCD6AF /* P3NetworkActivityObserver.swift in Sources */,
				DF6614071D14598F00BCD6AF /* ImageNameConvertible.swift in Sources */,
				DFF93FA51D347AB7004E83B8 /* UITableView.swift in Sources */,
				DF6614151D1461CD00BCD6AF /* P3AlertOperation.swift in Sources */,
				DF66140E1D145A1F00BCD6AF /* ColorConvertible.swift in Sources */,
				DF6614051D14596300BCD6AF /* ImageConvertible.swift in Sources */,
			);
			runOnlyForDeploymentPostprocessing = 0;
		};
		DFF2A34F1D5B935D003493C6 /* Sources */ = {
			isa = PBXSourcesBuildPhase;
			buildActionMask = 2147483647;
			files = (
			);
			runOnlyForDeploymentPostprocessing = 0;
		};
/* End PBXSourcesBuildPhase section */

/* Begin XCBuildConfiguration section */
		DF3002861D14520E00E5233E /* Debug */ = {
			isa = XCBuildConfiguration;
			buildSettings = {
				ALWAYS_SEARCH_USER_PATHS = NO;
				CLANG_ANALYZER_NONNULL = YES;
				CLANG_CXX_LANGUAGE_STANDARD = "gnu++0x";
				CLANG_CXX_LIBRARY = "libc++";
				CLANG_ENABLE_MODULES = YES;
				CLANG_ENABLE_OBJC_ARC = YES;
				CLANG_WARN_BOOL_CONVERSION = YES;
				CLANG_WARN_CONSTANT_CONVERSION = YES;
				CLANG_WARN_DIRECT_OBJC_ISA_USAGE = YES_ERROR;
				CLANG_WARN_DOCUMENTATION_COMMENTS = YES;
				CLANG_WARN_EMPTY_BODY = YES;
				CLANG_WARN_ENUM_CONVERSION = YES;
				CLANG_WARN_INT_CONVERSION = YES;
				CLANG_WARN_OBJC_ROOT_CLASS = YES_ERROR;
				CLANG_WARN_UNREACHABLE_CODE = YES;
				CLANG_WARN__DUPLICATE_METHOD_MATCH = YES;
				"CODE_SIGN_IDENTITY[sdk=iphoneos*]" = "iPhone Developer";
				COPY_PHASE_STRIP = NO;
				CURRENT_PROJECT_VERSION = 1;
				DEBUG_INFORMATION_FORMAT = dwarf;
				ENABLE_STRICT_OBJC_MSGSEND = YES;
				ENABLE_TESTABILITY = YES;
				GCC_C_LANGUAGE_STANDARD = gnu99;
				GCC_DYNAMIC_NO_PIC = NO;
				GCC_NO_COMMON_BLOCKS = YES;
				GCC_OPTIMIZATION_LEVEL = 0;
				GCC_PREPROCESSOR_DEFINITIONS = (
					"DEBUG=1",
					"$(inherited)",
				);
				GCC_WARN_64_TO_32_BIT_CONVERSION = YES;
				GCC_WARN_ABOUT_RETURN_TYPE = YES_ERROR;
				GCC_WARN_UNDECLARED_SELECTOR = YES;
				GCC_WARN_UNINITIALIZED_AUTOS = YES_AGGRESSIVE;
				GCC_WARN_UNUSED_FUNCTION = YES;
				GCC_WARN_UNUSED_VARIABLE = YES;
				IPHONEOS_DEPLOYMENT_TARGET = 10.0;
				MTL_ENABLE_DEBUG_INFO = YES;
				ONLY_ACTIVE_ARCH = YES;
				SDKROOT = iphoneos;
				SWIFT_ACTIVE_COMPILATION_CONDITIONS = DEBUG;
				SWIFT_OPTIMIZATION_LEVEL = "-Onone";
				TARGETED_DEVICE_FAMILY = "1,2";
				VERSIONING_SYSTEM = "apple-generic";
				VERSION_INFO_PREFIX = "";
			};
			name = Debug;
		};
		DF3002871D14520E00E5233E /* Release */ = {
			isa = XCBuildConfiguration;
			buildSettings = {
				ALWAYS_SEARCH_USER_PATHS = NO;
				CLANG_ANALYZER_NONNULL = YES;
				CLANG_CXX_LANGUAGE_STANDARD = "gnu++0x";
				CLANG_CXX_LIBRARY = "libc++";
				CLANG_ENABLE_MODULES = YES;
				CLANG_ENABLE_OBJC_ARC = YES;
				CLANG_WARN_BOOL_CONVERSION = YES;
				CLANG_WARN_CONSTANT_CONVERSION = YES;
				CLANG_WARN_DIRECT_OBJC_ISA_USAGE = YES_ERROR;
				CLANG_WARN_DOCUMENTATION_COMMENTS = YES;
				CLANG_WARN_EMPTY_BODY = YES;
				CLANG_WARN_ENUM_CONVERSION = YES;
				CLANG_WARN_INT_CONVERSION = YES;
				CLANG_WARN_OBJC_ROOT_CLASS = YES_ERROR;
				CLANG_WARN_UNREACHABLE_CODE = YES;
				CLANG_WARN__DUPLICATE_METHOD_MATCH = YES;
				"CODE_SIGN_IDENTITY[sdk=iphoneos*]" = "iPhone Developer";
				COPY_PHASE_STRIP = NO;
				CURRENT_PROJECT_VERSION = 1;
				DEBUG_INFORMATION_FORMAT = "dwarf-with-dsym";
				ENABLE_NS_ASSERTIONS = NO;
				ENABLE_STRICT_OBJC_MSGSEND = YES;
				GCC_C_LANGUAGE_STANDARD = gnu99;
				GCC_NO_COMMON_BLOCKS = YES;
				GCC_WARN_64_TO_32_BIT_CONVERSION = YES;
				GCC_WARN_ABOUT_RETURN_TYPE = YES_ERROR;
				GCC_WARN_UNDECLARED_SELECTOR = YES;
				GCC_WARN_UNINITIALIZED_AUTOS = YES_AGGRESSIVE;
				GCC_WARN_UNUSED_FUNCTION = YES;
				GCC_WARN_UNUSED_VARIABLE = YES;
				IPHONEOS_DEPLOYMENT_TARGET = 10.0;
				MTL_ENABLE_DEBUG_INFO = NO;
				SDKROOT = iphoneos;
				SWIFT_OPTIMIZATION_LEVEL = "-Owholemodule";
				TARGETED_DEVICE_FAMILY = "1,2";
				VALIDATE_PRODUCT = YES;
				VERSIONING_SYSTEM = "apple-generic";
				VERSION_INFO_PREFIX = "";
			};
			name = Release;
		};
		DF3002891D14520E00E5233E /* Debug */ = {
			isa = XCBuildConfiguration;
			buildSettings = {
				CLANG_ENABLE_MODULES = YES;
				DEFINES_MODULE = YES;
				DYLIB_COMPATIBILITY_VERSION = 1;
				DYLIB_CURRENT_VERSION = 1;
				DYLIB_INSTALL_NAME_BASE = "@rpath";
				FRAMEWORK_SEARCH_PATHS = (
					"$(inherited)",
					"$(PROJECT_DIR)/Carthage/Build/iOS",
				);
				INFOPLIST_FILE = "$(SRCROOT)/Sources/Info.plist";
				INSTALL_PATH = "$(LOCAL_LIBRARY_DIR)/Frameworks";
				LD_RUNPATH_SEARCH_PATHS = "$(inherited) @executable_path/Frameworks @loader_path/Frameworks";
				PRODUCT_BUNDLE_IDENTIFIER = net.Pacific3.P3UIKit;
				PRODUCT_NAME = "$(TARGET_NAME)";
				SKIP_INSTALL = YES;
				SWIFT_OPTIMIZATION_LEVEL = "-Owholemodule";
				SWIFT_TREAT_WARNINGS_AS_ERRORS = YES;
				SWIFT_VERSION = 3.0;
			};
			name = Debug;
		};
		DF30028A1D14520E00E5233E /* Release */ = {
			isa = XCBuildConfiguration;
			buildSettings = {
				CLANG_ENABLE_MODULES = YES;
				DEFINES_MODULE = YES;
				DYLIB_COMPATIBILITY_VERSION = 1;
				DYLIB_CURRENT_VERSION = 1;
				DYLIB_INSTALL_NAME_BASE = "@rpath";
				FRAMEWORK_SEARCH_PATHS = (
					"$(inherited)",
					"$(PROJECT_DIR)/Carthage/Build/iOS",
				);
				INFOPLIST_FILE = "$(SRCROOT)/Sources/Info.plist";
				INSTALL_PATH = "$(LOCAL_LIBRARY_DIR)/Frameworks";
				LD_RUNPATH_SEARCH_PATHS = "$(inherited) @executable_path/Frameworks @loader_path/Frameworks";
				PRODUCT_BUNDLE_IDENTIFIER = net.Pacific3.P3UIKit;
				PRODUCT_NAME = "$(TARGET_NAME)";
				SKIP_INSTALL = YES;
				SWIFT_TREAT_WARNINGS_AS_ERRORS = YES;
				SWIFT_VERSION = 3.0;
			};
			name = Release;
		};
		DFF2A3591D5B935D003493C6 /* Debug */ = {
			isa = XCBuildConfiguration;
			buildSettings = {
				CLANG_WARN_INFINITE_RECURSION = YES;
				CLANG_WARN_SUSPICIOUS_MOVES = YES;
				CODE_SIGN_IDENTITY = "";
				DEFINES_MODULE = YES;
				DEVELOPMENT_TEAM = 3BVQ3MVDQR;
				DYLIB_COMPATIBILITY_VERSION = 1;
				DYLIB_CURRENT_VERSION = 1;
				DYLIB_INSTALL_NAME_BASE = "@rpath";
				INFOPLIST_FILE = P3UIKitTV/Info.plist;
				INSTALL_PATH = "$(LOCAL_LIBRARY_DIR)/Frameworks";
				LD_RUNPATH_SEARCH_PATHS = "$(inherited) @executable_path/Frameworks @loader_path/Frameworks";
				PRODUCT_BUNDLE_IDENTIFIER = net.Pacific3.P3UIKitTV;
				PRODUCT_NAME = "$(TARGET_NAME)";
				SDKROOT = appletvos;
				SKIP_INSTALL = YES;
				SWIFT_VERSION = 3.0;
				TARGETED_DEVICE_FAMILY = 3;
				TVOS_DEPLOYMENT_TARGET = 10.0;
			};
			name = Debug;
		};
		DFF2A35A1D5B935D003493C6 /* Release */ = {
			isa = XCBuildConfiguration;
			buildSettings = {
				CLANG_WARN_INFINITE_RECURSION = YES;
				CLANG_WARN_SUSPICIOUS_MOVES = YES;
				CODE_SIGN_IDENTITY = "";
				DEFINES_MODULE = YES;
				DEVELOPMENT_TEAM = 3BVQ3MVDQR;
				DYLIB_COMPATIBILITY_VERSION = 1;
				DYLIB_CURRENT_VERSION = 1;
				DYLIB_INSTALL_NAME_BASE = "@rpath";
				INFOPLIST_FILE = P3UIKitTV/Info.plist;
				INSTALL_PATH = "$(LOCAL_LIBRARY_DIR)/Frameworks";
				LD_RUNPATH_SEARCH_PATHS = "$(inherited) @executable_path/Frameworks @loader_path/Frameworks";
				PRODUCT_BUNDLE_IDENTIFIER = net.Pacific3.P3UIKitTV;
				PRODUCT_NAME = "$(TARGET_NAME)";
				SDKROOT = appletvos;
				SKIP_INSTALL = YES;
				SWIFT_VERSION = 3.0;
				TARGETED_DEVICE_FAMILY = 3;
				TVOS_DEPLOYMENT_TARGET = 10.0;
			};
			name = Release;
		};
/* End XCBuildConfiguration section */

/* Begin XCConfigurationList section */
		DF30027A1D14520E00E5233E /* Build configuration list for PBXProject "P3UIKit" */ = {
			isa = XCConfigurationList;
			buildConfigurations = (
				DF3002861D14520E00E5233E /* Debug */,
				DF3002871D14520E00E5233E /* Release */,
			);
			defaultConfigurationIsVisible = 0;
			defaultConfigurationName = Release;
		};
		DF3002881D14520E00E5233E /* Build configuration list for PBXNativeTarget "P3UIKit" */ = {
			isa = XCConfigurationList;
			buildConfigurations = (
				DF3002891D14520E00E5233E /* Debug */,
				DF30028A1D14520E00E5233E /* Release */,
			);
			defaultConfigurationIsVisible = 0;
			defaultConfigurationName = Release;
		};
		DFF2A35B1D5B935D003493C6 /* Build configuration list for PBXNativeTarget "P3UIKitTV" */ = {
			isa = XCConfigurationList;
			buildConfigurations = (
				DFF2A3591D5B935D003493C6 /* Debug */,
				DFF2A35A1D5B935D003493C6 /* Release */,
			);
			defaultConfigurationIsVisible = 0;
		};
/* End XCConfigurationList section */
	};
	rootObject = DF3002771D14520E00E5233E /* Project object */;
}
